
Microsoft Visual Studio Solution File, Format Version 12.00
# Visual Studio Version 17
VisualStudioVersion = 17.6.33829.357
MinimumVisualStudioVersion = 10.0.40219.1
Project("{FAE04EC0-301F-11D3-BF4B-00C04F79EFBC}") = "SnapShuffleAPI", "SnapShuffleAPI\SnapShuffleAPI.csproj", "{00CD21EF-ECCB-492A-B368-179BF81C921F}"
EndProject
Project("{FAE04EC0-301F-11D3-BF4B-00C04F79EFBC}") = "SnapShuffle.DataAccess", "SnapShuffle.DataAccess\SnapShuffle.DataAccess.csproj", "{35E366F0-04C3-4023-A57E-20702FFEEA3B}"
EndProject
Project("{FAE04EC0-301F-11D3-BF4B-00C04F79EFBC}") = "SnapShuffle.Managers", "SnapShuffle.Managers\SnapShuffle.Managers.csproj", "{9232DDE7-D3BE-41B9-8465-88089A59AFB1}"
EndProject
Project("{FAE04EC0-301F-11D3-BF4B-00C04F79EFBC}") = "SnapShuffle.Utility", "SnapShuffle.Utility\SnapShuffle.Utility.csproj", "{DE3E4401-E375-4151-BFF9-1A6B3DB205F2}"
EndProject
Project("{FAE04EC0-301F-11D3-BF4B-00C04F79EFBC}") = "SnapShuffle.Models", "SnapShuffle.Models\SnapShuffle.Models.csproj", "{8E8257C4-8BA8-4626-9A0C-8D2A51A3D056}"
EndProject
Global
	GlobalSection(SolutionConfigurationPlatforms) = preSolution
		Debug|Any CPU = Debug|Any CPU
		Release|Any CPU = Release|Any CPU
	EndGlobalSection
	GlobalSection(ProjectConfigurationPlatforms) = postSolution
		{00CD21EF-ECCB-492A-B368-179BF81C921F}.Debug|Any CPU.ActiveCfg = Debug|Any CPU
		{00CD21EF-ECCB-492A-B368-179BF81C921F}.Debug|Any CPU.Build.0 = Debug|Any CPU
		{00CD21EF-ECCB-492A-B368-179BF81C921F}.Release|Any CPU.ActiveCfg = Release|Any CPU
		{00CD21EF-ECCB-492A-B368-179BF81C921F}.Release|Any CPU.Build.0 = Release|Any CPU
		{35E366F0-04C3-4023-A57E-20702FFEEA3B}.Debug|Any CPU.ActiveCfg = Debug|Any CPU
		{35E366F0-04C3-4023-A57E-20702FFEEA3B}.Debug|Any CPU.Build.0 = Debug|Any CPU
		{35E366F0-04C3-4023-A57E-20702FFEEA3B}.Release|Any CPU.ActiveCfg = Release|Any CPU
		{35E366F0-04C3-4023-A57E-20702FFEEA3B}.Release|Any CPU.Build.0 = Release|Any CPU
		{9232DDE7-D3BE-41B9-8465-88089A59AFB1}.Debug|Any CPU.ActiveCfg = Debug|Any CPU
		{9232DDE7-D3BE-41B9-8465-88089A59AFB1}.Debug|Any CPU.Build.0 = Debug|Any CPU
		{9232DDE7-D3BE-41B9-8465-88089A59AFB1}.Release|Any CPU.ActiveCfg = Release|Any CPU
		{9232DDE7-D3BE-41B9-8465-88089A59AFB1}.Release|Any CPU.Build.0 = Release|Any CPU
		{DE3E4401-E375-4151-BFF9-1A6B3DB205F2}.Debug|Any CPU.ActiveCfg = Debug|Any CPU
		{DE3E4401-E375-4151-BFF9-1A6B3DB205F2}.Debug|Any CPU.Build.0 = Debug|Any CPU
		{DE3E4401-E375-4151-BFF9-1A6B3DB205F2}.Release|Any CPU.ActiveCfg = Release|Any CPU
		{DE3E4401-E375-4151-BFF9-1A6B3DB205F2}.Release|Any CPU.Build.0 = Release|Any CPU
		{8E8257C4-8BA8-4626-9A0C-8D2A51A3D056}.Debug|Any CPU.ActiveCfg = Debug|Any CPU
		{8E8257C4-8BA8-4626-9A0C-8D2A51A3D056}.Debug|Any CPU.Build.0 = Debug|Any CPU
		{8E8257C4-8BA8-4626-9A0C-8D2A51A3D056}.Release|Any CPU.ActiveCfg = Release|Any CPU
		{8E8257C4-8BA8-4626-9A0C-8D2A51A3D056}.Release|Any CPU.Build.0 = Release|Any CPU
	EndGlobalSection
	GlobalSection(SolutionProperties) = preSolution
		HideSolutionNode = FALSE
	EndGlobalSection
	GlobalSection(ExtensibilityGlobals) = postSolution
		SolutionGuid = {B9FAD43E-2234-493E-B49C-170B7BBBC97C}
	EndGlobalSection
EndGlobal
